github.com/allape/go-http-vfs v0.0.0-20241219125548-2243b39f3bc0 h1:tM7y5KMav7+ab0FA/exLi9FLm2jiwNmk0PXL/9a3Z1I=
github.com/allape/go-http-vfs v0.0.0-20241219125548-2243b39f3bc0/go.mod h1:Dy4WmzhUeOcUVUOL4TP2f3Q4AWxOP2SFvjI1MQZo4F8=
github.com/allape/goenv v0.0.0-20241202051618-ce41afb81ebf h1:0TjoyW4DGTjGf1d+8N8tEty5FKWc79t/Vq0bA6ARrbQ=
github.com/allape/goenv v0.0.0-20241202051618-ce41afb81ebf/go.mod h1:1E4rNqENwTNc+KMYgEndLygF3F6Uk8mREGrUPu3RiqU=
github.com/allape/gogger v0.0.0-20241208090122-dda745ad2428 h1:W+RoD+ZjKjyV+46gVj+oMNO0c17g3whCXBk6843qM1E=
github.com/allape/gogger v0.0.0-20241208090122-dda745ad2428/go.mod h1:bMF4nf4lEzayulJFQqBPMcC/3BCYQUvhs8OYHB3AZpI=
github.com/go-git/go-billy/v5 v5.6.0 h1:w2hPNtoehvJIxR00Vb4xX94qHQi/ApZfX+nBE2Cjio8=
github.com/go-git/go-billy/v5 v5.6.0/go.mod h1:sFDq7xD3fn3E0GOwUSZqHo9lrkmx8xJhA0ZrfvjBRGM=
github.com/google/uuid v1.6.0 h1:NIvaJDMOsjHA8n1jAhLSgzrAzy1Hgr+hNrb57e+94F0=
github.com/google/uuid v1.6.0/go.mod h1:TIyPZe4MgqvfeYDBFedMoGGpEw/LqOeaOT+nhxU+yHo=
github.com/hashicorp/golang-lru/v2 v2.0.7 h1:a+bsQ5rvGLjzHuww6tVxozPZFVghXaHOwFs4luLUK2k=
github.com/hashicorp/golang-lru/v2 v2.0.7/go.mod h1:QeFd9opnmA6QUJc5vARoKUSoFhyfM2/ZepoAG6RGpeM=
github.com/kr/pretty v0.3.1 h1:flRD4NNwYAUpkphVc1HcthR4KEIFJ65n8Mw5qdRn3LE=
github.com/kr/pretty v0.3.1/go.mod h1:hoEshYVHaxMs3cyo3Yncou5ZscifuDolrwPKZanG3xk=
github.com/kr/text v0.2.0 h1:5Nx0Ya0ZqY2ygV366QzturHI13Jq95ApcVaJBhpS+AY=
github.com/kr/text v0.2.0/go.mod h1:eLer722TekiGuMkidMxC/pM04lWEeraHUUmBw8l2grE=
github.com/rasky/go-xdr v0.0.0-20170124162913-1a41d1a06c93 h1:UVArwN/wkKjMVhh2EQGC0tEc1+FqiLlvYXY5mQ2f8Wg=
github.com/rasky/go-xdr v0.0.0-20170124162913-1a41d1a06c93/go.mod h1:Nfe4efndBz4TibWycNE+lqyJZiMX4ycx+QKV8Ta0f/o=
github.com/rogpeppe/go-internal v1.11.0 h1:cWPaGQEPrBb5/AsnsZesgZZ9yb1OQ+GOISoDNXVBh4M=
github.com/rogpeppe/go-internal v1.11.0/go.mod h1:ddIwULY96R17DhadqLgMfk9H9tvdUzkipdSkR5nkCZA=
github.com/willscott/go-nfs v0.0.2 h1:BaBp1CpGDMooCT6bCgX6h6ZwgPcTMST4yToYZ9byee0=
github.com/willscott/go-nfs v0.0.2/go.mod h1:SvullWeHxr/924WQNbUaZqtluBt2vuZ61g6yAV+xj7w=
github.com/willscott/go-nfs-client v0.0.0-20240104095149-b44639837b00 h1:U0DnHRZFzoIV1oFEZczg5XyPut9yxk9jjtax/9Bxr/o=
github.com/willscott/go-nfs-client v0.0.0-20240104095149-b44639837b00/go.mod h1:Tq++Lr/FgiS3X48q5FETemXiSLGuYMQT2sPjYNPJSwA=
golang.org/x/sys v0.28.0 h1:Fksou7UEQUWlKvIdsqzJmUmCX3cZuD2+P3XyyzwMhlA=
golang.org/x/sys v0.28.0/go.mod h1:/VUhepiaJMQUp4+oa/7Zr1D23ma6VTLIYjOOTFZPUcA=
gopkg.in/check.v1 v1.0.0-20201130134442-10cb98267c6c h1:Hei/4ADfdWqJk1ZMxUNpqntNwaWcugrBjAiHlqqRiVk=
gopkg.in/check.v1 v1.0.0-20201130134442-10cb98267c6c/go.mod h1:JHkPIbrfpd72SG/EVd6muEfDQjcINNoR0C8j2r3qZ4Q=
